
Microsoft Visual Studio Solution File, Format Version 12.00
# Visual Studio Version 17
VisualStudioVersion = 17.0.31903.59
MinimumVisualStudioVersion = 10.0.40219.1
Project("{2150E333-8FDC-42A3-9474-1A3956D46DE8}") = "Lambda", "Lambda", "{15C3591B-31E6-4E3B-8AFF-13DAF3A98278}"
EndProject
Project("{FAE04EC0-301F-11D3-BF4B-00C04F79EFBC}") = "AWS", "AWS\AWS.csproj", "{00AF9B74-2F02-4BF9-BDB6-5373841F0ADF}"
EndProject
Project("{FAE04EC0-301F-11D3-BF4B-00C04F79EFBC}") = "Core", "Core\Core.csproj", "{74B682B4-47F2-4D69-B301-5E9DDEB51217}"
EndProject
Project("{FAE04EC0-301F-11D3-BF4B-00C04F79EFBC}") = "Lambda.PreSignUp", "Lambda\PreSignUp\Lambda.PreSignUp.csproj", "{56384230-FAA2-4443-B2BD-A0045E813112}"
EndProject
Project("{FAE04EC0-301F-11D3-BF4B-00C04F79EFBC}") = "Lambda.UpdateLanguage", "Lambda\UpdateLanguage\Lambda.UpdateLanguage.csproj", "{FA851619-51C3-4373-9FB3-17B5F2353459}"
EndProject
Project("{FAE04EC0-301F-11D3-BF4B-00C04F79EFBC}") = "Lambda.RemoveUserLanguage", "Lambda\RemoveUserLanguage\Lambda.RemoveUserLanguage.csproj", "{9A4B6434-AD64-4A23-9875-B6E04704470A}"
EndProject
Project("{FAE04EC0-301F-11D3-BF4B-00C04F79EFBC}") = "Lambda.GetUser", "Lambda\GetUser\Lambda.GetUser.csproj", "{10734429-5770-48A2-9BD9-15361B313DF4}"
EndProject
Project("{FAE04EC0-301F-11D3-BF4B-00C04F79EFBC}") = "Lambda.GetUserLanguages", "Lambda\GetUserLanguages\Lambda.GetUserLanguages.csproj", "{0410809F-7423-495A-A036-D65B0AA26AB3}"
EndProject
Project("{FAE04EC0-301F-11D3-BF4B-00C04F79EFBC}") = "Lambda.UpdateUser", "Lambda\UpdateUser\Lambda.UpdateUser.csproj", "{8BF4D373-BD6C-4340-8E99-D40DB4F59450}"
EndProject
Project("{FAE04EC0-301F-11D3-BF4B-00C04F79EFBC}") = "Lambda.AddVocabulary", "Lambda\AddVocabulary\Lambda.AddVocabulary.csproj", "{C1C8D121-DEAA-4D5D-A2B4-054F70924E38}"
EndProject
Project("{FAE04EC0-301F-11D3-BF4B-00C04F79EFBC}") = "Lambda.RemoveVocabulary", "Lambda\RemoveVocabulary\Lambda.RemoveVocabulary.csproj", "{35DB62E0-004B-405F-AC81-97C5EE2E45CC}"
EndProject
Project("{FAE04EC0-301F-11D3-BF4B-00C04F79EFBC}") = "Lambda.GetVocabulary", "Lambda\GetVocabulary\Lambda.GetVocabulary.csproj", "{6418DA64-E7D7-4022-A652-F76C83B4FDCE}"
EndProject
Project("{FAE04EC0-301F-11D3-BF4B-00C04F79EFBC}") = "Lambda.LambdaStartup", "Lambda\LambdaStartup\Lambda.LambdaStartup.csproj", "{C3FB60EC-B6F7-4198-8201-DF55089FDF1A}"
EndProject
Global
	GlobalSection(SolutionConfigurationPlatforms) = preSolution
		Debug|Any CPU = Debug|Any CPU
		Release|Any CPU = Release|Any CPU
	EndGlobalSection
	GlobalSection(SolutionProperties) = preSolution
		HideSolutionNode = FALSE
	EndGlobalSection
	GlobalSection(ProjectConfigurationPlatforms) = postSolution
		{00AF9B74-2F02-4BF9-BDB6-5373841F0ADF}.Debug|Any CPU.ActiveCfg = Debug|Any CPU
		{00AF9B74-2F02-4BF9-BDB6-5373841F0ADF}.Debug|Any CPU.Build.0 = Debug|Any CPU
		{00AF9B74-2F02-4BF9-BDB6-5373841F0ADF}.Release|Any CPU.ActiveCfg = Release|Any CPU
		{00AF9B74-2F02-4BF9-BDB6-5373841F0ADF}.Release|Any CPU.Build.0 = Release|Any CPU
		{74B682B4-47F2-4D69-B301-5E9DDEB51217}.Debug|Any CPU.ActiveCfg = Debug|Any CPU
		{74B682B4-47F2-4D69-B301-5E9DDEB51217}.Debug|Any CPU.Build.0 = Debug|Any CPU
		{74B682B4-47F2-4D69-B301-5E9DDEB51217}.Release|Any CPU.ActiveCfg = Release|Any CPU
		{74B682B4-47F2-4D69-B301-5E9DDEB51217}.Release|Any CPU.Build.0 = Release|Any CPU
		{56384230-FAA2-4443-B2BD-A0045E813112}.Debug|Any CPU.ActiveCfg = Debug|Any CPU
		{56384230-FAA2-4443-B2BD-A0045E813112}.Debug|Any CPU.Build.0 = Debug|Any CPU
		{56384230-FAA2-4443-B2BD-A0045E813112}.Release|Any CPU.ActiveCfg = Release|Any CPU
		{56384230-FAA2-4443-B2BD-A0045E813112}.Release|Any CPU.Build.0 = Release|Any CPU
		{FA851619-51C3-4373-9FB3-17B5F2353459}.Debug|Any CPU.ActiveCfg = Debug|Any CPU
		{FA851619-51C3-4373-9FB3-17B5F2353459}.Debug|Any CPU.Build.0 = Debug|Any CPU
		{FA851619-51C3-4373-9FB3-17B5F2353459}.Release|Any CPU.ActiveCfg = Release|Any CPU
		{FA851619-51C3-4373-9FB3-17B5F2353459}.Release|Any CPU.Build.0 = Release|Any CPU
		{9A4B6434-AD64-4A23-9875-B6E04704470A}.Debug|Any CPU.ActiveCfg = Debug|Any CPU
		{9A4B6434-AD64-4A23-9875-B6E04704470A}.Debug|Any CPU.Build.0 = Debug|Any CPU
		{9A4B6434-AD64-4A23-9875-B6E04704470A}.Release|Any CPU.ActiveCfg = Release|Any CPU
		{9A4B6434-AD64-4A23-9875-B6E04704470A}.Release|Any CPU.Build.0 = Release|Any CPU
		{10734429-5770-48A2-9BD9-15361B313DF4}.Debug|Any CPU.ActiveCfg = Debug|Any CPU
		{10734429-5770-48A2-9BD9-15361B313DF4}.Debug|Any CPU.Build.0 = Debug|Any CPU
		{10734429-5770-48A2-9BD9-15361B313DF4}.Release|Any CPU.ActiveCfg = Release|Any CPU
		{10734429-5770-48A2-9BD9-15361B313DF4}.Release|Any CPU.Build.0 = Release|Any CPU
		{0410809F-7423-495A-A036-D65B0AA26AB3}.Debug|Any CPU.ActiveCfg = Debug|Any CPU
		{0410809F-7423-495A-A036-D65B0AA26AB3}.Debug|Any CPU.Build.0 = Debug|Any CPU
		{0410809F-7423-495A-A036-D65B0AA26AB3}.Release|Any CPU.ActiveCfg = Release|Any CPU
		{0410809F-7423-495A-A036-D65B0AA26AB3}.Release|Any CPU.Build.0 = Release|Any CPU
		{8BF4D373-BD6C-4340-8E99-D40DB4F59450}.Debug|Any CPU.ActiveCfg = Debug|Any CPU
		{8BF4D373-BD6C-4340-8E99-D40DB4F59450}.Debug|Any CPU.Build.0 = Debug|Any CPU
		{8BF4D373-BD6C-4340-8E99-D40DB4F59450}.Release|Any CPU.ActiveCfg = Release|Any CPU
		{8BF4D373-BD6C-4340-8E99-D40DB4F59450}.Release|Any CPU.Build.0 = Release|Any CPU
		{C1C8D121-DEAA-4D5D-A2B4-054F70924E38}.Debug|Any CPU.ActiveCfg = Debug|Any CPU
		{C1C8D121-DEAA-4D5D-A2B4-054F70924E38}.Debug|Any CPU.Build.0 = Debug|Any CPU
		{C1C8D121-DEAA-4D5D-A2B4-054F70924E38}.Release|Any CPU.ActiveCfg = Release|Any CPU
		{C1C8D121-DEAA-4D5D-A2B4-054F70924E38}.Release|Any CPU.Build.0 = Release|Any CPU
		{35DB62E0-004B-405F-AC81-97C5EE2E45CC}.Debug|Any CPU.ActiveCfg = Debug|Any CPU
		{35DB62E0-004B-405F-AC81-97C5EE2E45CC}.Debug|Any CPU.Build.0 = Debug|Any CPU
		{35DB62E0-004B-405F-AC81-97C5EE2E45CC}.Release|Any CPU.ActiveCfg = Release|Any CPU
		{35DB62E0-004B-405F-AC81-97C5EE2E45CC}.Release|Any CPU.Build.0 = Release|Any CPU
		{6418DA64-E7D7-4022-A652-F76C83B4FDCE}.Debug|Any CPU.ActiveCfg = Debug|Any CPU
		{6418DA64-E7D7-4022-A652-F76C83B4FDCE}.Debug|Any CPU.Build.0 = Debug|Any CPU
		{6418DA64-E7D7-4022-A652-F76C83B4FDCE}.Release|Any CPU.ActiveCfg = Release|Any CPU
		{6418DA64-E7D7-4022-A652-F76C83B4FDCE}.Release|Any CPU.Build.0 = Release|Any CPU
		{C3FB60EC-B6F7-4198-8201-DF55089FDF1A}.Debug|Any CPU.ActiveCfg = Debug|Any CPU
		{C3FB60EC-B6F7-4198-8201-DF55089FDF1A}.Debug|Any CPU.Build.0 = Debug|Any CPU
		{C3FB60EC-B6F7-4198-8201-DF55089FDF1A}.Release|Any CPU.ActiveCfg = Release|Any CPU
		{C3FB60EC-B6F7-4198-8201-DF55089FDF1A}.Release|Any CPU.Build.0 = Release|Any CPU
	EndGlobalSection
	GlobalSection(NestedProjects) = preSolution
		{56384230-FAA2-4443-B2BD-A0045E813112} = {15C3591B-31E6-4E3B-8AFF-13DAF3A98278}
		{FA851619-51C3-4373-9FB3-17B5F2353459} = {15C3591B-31E6-4E3B-8AFF-13DAF3A98278}
		{9A4B6434-AD64-4A23-9875-B6E04704470A} = {15C3591B-31E6-4E3B-8AFF-13DAF3A98278}
		{10734429-5770-48A2-9BD9-15361B313DF4} = {15C3591B-31E6-4E3B-8AFF-13DAF3A98278}
		{0410809F-7423-495A-A036-D65B0AA26AB3} = {15C3591B-31E6-4E3B-8AFF-13DAF3A98278}
		{8BF4D373-BD6C-4340-8E99-D40DB4F59450} = {15C3591B-31E6-4E3B-8AFF-13DAF3A98278}
		{C1C8D121-DEAA-4D5D-A2B4-054F70924E38} = {15C3591B-31E6-4E3B-8AFF-13DAF3A98278}
		{35DB62E0-004B-405F-AC81-97C5EE2E45CC} = {15C3591B-31E6-4E3B-8AFF-13DAF3A98278}
		{6418DA64-E7D7-4022-A652-F76C83B4FDCE} = {15C3591B-31E6-4E3B-8AFF-13DAF3A98278}
		{C3FB60EC-B6F7-4198-8201-DF55089FDF1A} = {15C3591B-31E6-4E3B-8AFF-13DAF3A98278}
	EndGlobalSection
EndGlobal
